
Microsoft Visual Studio Solution File, Format Version 12.00
Project("{FAE04EC0-301F-11D3-BF4B-00C04F79EFBC}") = "Furball.Engine", "Furball.Engine\Furball.Engine.csproj", "{E83B6828-8CF3-4DE3-8F2F-AFD748615706}"
EndProject
Project("{FAE04EC0-301F-11D3-BF4B-00C04F79EFBC}") = "Furball.Game", "Furball.Game\Furball.Game.csproj", "{2BA8D1D2-3680-4654-8339-8485D4237DB7}"
EndProject
Project("{2150E333-8FDC-42A3-9474-1A3956D46DE8}") = "Dependencies", "Dependencies", "{7B2F29B3-1240-48F9-BF57-0047C1499644}"
EndProject
Project("{FAE04EC0-301F-11D3-BF4B-00C04F79EFBC}") = "Furball.Vixie", "Furball.Vixie\Furball.Vixie\Furball.Vixie.csproj", "{11D25A00-36DC-47FF-AA82-3D9254AF65E2}"
EndProject
Project("{FAE04EC0-301F-11D3-BF4B-00C04F79EFBC}") = "Furball.Tests", "Furball.Tests\Furball.Tests.csproj", "{6A9278AB-3A20-499C-B727-A8FC7886F578}"
EndProject
Global
	GlobalSection(SolutionConfigurationPlatforms) = preSolution
		Debug|Any CPU = Debug|Any CPU
		Release|Any CPU = Release|Any CPU
	EndGlobalSection
	GlobalSection(ProjectConfigurationPlatforms) = postSolution
		{E83B6828-8CF3-4DE3-8F2F-AFD748615706}.Debug|Any CPU.ActiveCfg = Debug|Any CPU
		{E83B6828-8CF3-4DE3-8F2F-AFD748615706}.Debug|Any CPU.Build.0 = Debug|Any CPU
		{E83B6828-8CF3-4DE3-8F2F-AFD748615706}.Release|Any CPU.ActiveCfg = Release|Any CPU
		{E83B6828-8CF3-4DE3-8F2F-AFD748615706}.Release|Any CPU.Build.0 = Release|Any CPU
		{2BA8D1D2-3680-4654-8339-8485D4237DB7}.Debug|Any CPU.ActiveCfg = Debug|Any CPU
		{2BA8D1D2-3680-4654-8339-8485D4237DB7}.Debug|Any CPU.Build.0 = Debug|Any CPU
		{2BA8D1D2-3680-4654-8339-8485D4237DB7}.Release|Any CPU.ActiveCfg = Release|Any CPU
		{2BA8D1D2-3680-4654-8339-8485D4237DB7}.Release|Any CPU.Build.0 = Release|Any CPU
		{11D25A00-36DC-47FF-AA82-3D9254AF65E2}.Debug|Any CPU.ActiveCfg = Debug|Any CPU
		{11D25A00-36DC-47FF-AA82-3D9254AF65E2}.Debug|Any CPU.Build.0 = Debug|Any CPU
		{11D25A00-36DC-47FF-AA82-3D9254AF65E2}.Release|Any CPU.ActiveCfg = Release|Any CPU
		{11D25A00-36DC-47FF-AA82-3D9254AF65E2}.Release|Any CPU.Build.0 = Release|Any CPU
		{6A9278AB-3A20-499C-B727-A8FC7886F578}.Debug|Any CPU.ActiveCfg = Debug|Any CPU
		{6A9278AB-3A20-499C-B727-A8FC7886F578}.Debug|Any CPU.Build.0 = Debug|Any CPU
		{6A9278AB-3A20-499C-B727-A8FC7886F578}.Release|Any CPU.ActiveCfg = Release|Any CPU
		{6A9278AB-3A20-499C-B727-A8FC7886F578}.Release|Any CPU.Build.0 = Release|Any CPU
	EndGlobalSection
	GlobalSection(NestedProjects) = preSolution
		{11D25A00-36DC-47FF-AA82-3D9254AF65E2} = {7B2F29B3-1240-48F9-BF57-0047C1499644}
	EndGlobalSection
EndGlobal
