
Microsoft Visual Studio Solution File, Format Version 12.00
# Visual Studio Version 17
VisualStudioVersion = 17.1.32328.378
MinimumVisualStudioVersion = 10.0.40219.1
Project("{9A19103F-16F7-4668-BE54-9A1E7A4F7556}") = "Furball.Engine", "Furball.Engine\Furball.Engine.csproj", "{E83B6828-8CF3-4DE3-8F2F-AFD748615706}"
EndProject
Project("{9A19103F-16F7-4668-BE54-9A1E7A4F7556}") = "Furball.Game", "Furball.Game\Furball.Game.csproj", "{2BA8D1D2-3680-4654-8339-8485D4237DB7}"
EndProject
Project("{2150E333-8FDC-42A3-9474-1A3956D46DE8}") = "Dependencies", "Dependencies", "{7B2F29B3-1240-48F9-BF57-0047C1499644}"
EndProject
Project("{9A19103F-16F7-4668-BE54-9A1E7A4F7556}") = "Furball.Vixie", "Furball.Vixie\Furball.Vixie\Furball.Vixie.csproj", "{11D25A00-36DC-47FF-AA82-3D9254AF65E2}"
EndProject
Project("{9A19103F-16F7-4668-BE54-9A1E7A4F7556}") = "Furball.Tests", "Furball.Tests\Furball.Tests.csproj", "{6A9278AB-3A20-499C-B727-A8FC7886F578}"
EndProject
Project("{9A19103F-16F7-4668-BE54-9A1E7A4F7556}") = "Furball.Volpe", "Furball.Volpe\Furball.Volpe\Furball.Volpe.csproj", "{65B4DF3C-1BB4-4EDB-929B-597C0E612CBE}"
EndProject
Project("{9A19103F-16F7-4668-BE54-9A1E7A4F7556}") = "Furball.Vixie.Helpers", "Furball.Vixie\Furball.Vixie.Helpers\Furball.Vixie.Helpers.csproj", "{AD8D3C59-980D-441C-A5B1-DA76CB9FCD9D}"
EndProject
Project("{9A19103F-16F7-4668-BE54-9A1E7A4F7556}") = "Furball.Vixie.Backends.Shared", "Furball.Vixie\Furball.Vixie.Backends.Shared\Furball.Vixie.Backends.Shared.csproj", "{090F85E6-55E0-4603-B01D-6AC468E97B3B}"
EndProject
Project("{9A19103F-16F7-4668-BE54-9A1E7A4F7556}") = "Furball.Vixie.Backends.Direct3D11", "Furball.Vixie\Furball.Vixie.Backends.Direct3D11\Furball.Vixie.Backends.Direct3D11.csproj", "{CB68A04E-8357-4D47-96E9-478B5947B0B7}"
EndProject
Project("{9A19103F-16F7-4668-BE54-9A1E7A4F7556}") = "Furball.Vixie.Backends.Veldrid", "Furball.Vixie\Furball.Vixie.Backends.Veldrid\Furball.Vixie.Backends.Veldrid.csproj", "{0B76B9F2-E6DF-4918-A8F5-BC7239066125}"
EndProject
Project("{9A19103F-16F7-4668-BE54-9A1E7A4F7556}") = "Furball.Vixie.OpenGLDetector", "Furball.Vixie\Furball.Vixie.OpenGLDetector\Furball.Vixie.OpenGLDetector.csproj", "{BF53008A-3351-4966-B434-CEBB6E4A1295}"
EndProject
Project("{FAE04EC0-301F-11D3-BF4B-00C04F79EFBC}") = "Furball.Vixie.Backends.Vulkan", "Furball.Vixie\Furball.Vixie.Backends.Vulkan\Furball.Vixie.Backends.Vulkan.csproj", "{CE8D3A18-D9AA-4FEA-B04C-A9A2BA98D024}"
EndProject
Project("{FAE04EC0-301F-11D3-BF4B-00C04F79EFBC}") = "Furball.Vixie.Backends.OpenGL", "Furball.Vixie\Furball.Vixie.Backends.OpenGL\Furball.Vixie.Backends.OpenGL.csproj", "{9FE35423-76F2-4C32-8B94-6C6F45C93688}"
EndProject
Project("{FAE04EC0-301F-11D3-BF4B-00C04F79EFBC}") = "Furball.Vixie.Backends.Dummy", "Furball.Vixie\Furball.Vixie.Backends.Dummy\Furball.Vixie.Backends.Dummy.csproj", "{D8493C59-063A-4581-84C7-4CC27D7C012C}"
EndProject
Project("{FAE04EC0-301F-11D3-BF4B-00C04F79EFBC}") = "EvDevSharp", "evdev-sharp\EvDevSharp\EvDevSharp.csproj", "{A0F5C051-EA56-4BAB-88D9-461E0772BB6A}"
EndProject
Project("{FAE04EC0-301F-11D3-BF4B-00C04F79EFBC}") = "Furball.Volpe.Tests", "Furball.Volpe\Furball.Volpe.Tests\Furball.Volpe.Tests.csproj", "{C5A08294-06B2-4B4D-91BE-231C080B3778}"
EndProject
Project("{FAE04EC0-301F-11D3-BF4B-00C04F79EFBC}") = "Furball.Vixie.Backends.Mola", "Furball.Vixie\Furball.Vixie.Backends.Mola\Furball.Vixie.Backends.Mola.csproj", "{9532AA80-BE0D-4EAB-8BEE-A42562CB425B}"
EndProject
Project("{FAE04EC0-301F-11D3-BF4B-00C04F79EFBC}") = "Furball.Mola.Bindings", "Furball.Vixie\Furball.Mola.Bindings\Furball.Mola.Bindings\Furball.Mola.Bindings.csproj", "{BA9E29B8-DE90-4EB8-95C8-EE69C973AE0C}"
EndProject
Global
	GlobalSection(SolutionConfigurationPlatforms) = preSolution
		Debug|Any CPU = Debug|Any CPU
		Release|Any CPU = Release|Any CPU
	EndGlobalSection
	GlobalSection(ProjectConfigurationPlatforms) = postSolution
		{E83B6828-8CF3-4DE3-8F2F-AFD748615706}.Debug|Any CPU.ActiveCfg = Debug|Any CPU
		{E83B6828-8CF3-4DE3-8F2F-AFD748615706}.Debug|Any CPU.Build.0 = Debug|Any CPU
		{E83B6828-8CF3-4DE3-8F2F-AFD748615706}.Release|Any CPU.ActiveCfg = Release|Any CPU
		{E83B6828-8CF3-4DE3-8F2F-AFD748615706}.Release|Any CPU.Build.0 = Release|Any CPU
		{2BA8D1D2-3680-4654-8339-8485D4237DB7}.Debug|Any CPU.ActiveCfg = Debug|Any CPU
		{2BA8D1D2-3680-4654-8339-8485D4237DB7}.Debug|Any CPU.Build.0 = Debug|Any CPU
		{2BA8D1D2-3680-4654-8339-8485D4237DB7}.Release|Any CPU.ActiveCfg = Release|Any CPU
		{2BA8D1D2-3680-4654-8339-8485D4237DB7}.Release|Any CPU.Build.0 = Release|Any CPU
		{11D25A00-36DC-47FF-AA82-3D9254AF65E2}.Debug|Any CPU.ActiveCfg = Debug|Any CPU
		{11D25A00-36DC-47FF-AA82-3D9254AF65E2}.Debug|Any CPU.Build.0 = Debug|Any CPU
		{11D25A00-36DC-47FF-AA82-3D9254AF65E2}.Release|Any CPU.ActiveCfg = Release|Any CPU
		{11D25A00-36DC-47FF-AA82-3D9254AF65E2}.Release|Any CPU.Build.0 = Release|Any CPU
		{6A9278AB-3A20-499C-B727-A8FC7886F578}.Debug|Any CPU.ActiveCfg = Debug|Any CPU
		{6A9278AB-3A20-499C-B727-A8FC7886F578}.Debug|Any CPU.Build.0 = Debug|Any CPU
		{6A9278AB-3A20-499C-B727-A8FC7886F578}.Release|Any CPU.ActiveCfg = Release|Any CPU
		{6A9278AB-3A20-499C-B727-A8FC7886F578}.Release|Any CPU.Build.0 = Release|Any CPU
		{65B4DF3C-1BB4-4EDB-929B-597C0E612CBE}.Debug|Any CPU.ActiveCfg = Debug|Any CPU
		{65B4DF3C-1BB4-4EDB-929B-597C0E612CBE}.Debug|Any CPU.Build.0 = Debug|Any CPU
		{65B4DF3C-1BB4-4EDB-929B-597C0E612CBE}.Release|Any CPU.ActiveCfg = Release|Any CPU
		{65B4DF3C-1BB4-4EDB-929B-597C0E612CBE}.Release|Any CPU.Build.0 = Release|Any CPU
		{AD8D3C59-980D-441C-A5B1-DA76CB9FCD9D}.Debug|Any CPU.ActiveCfg = Debug|Any CPU
		{AD8D3C59-980D-441C-A5B1-DA76CB9FCD9D}.Debug|Any CPU.Build.0 = Debug|Any CPU
		{AD8D3C59-980D-441C-A5B1-DA76CB9FCD9D}.Release|Any CPU.ActiveCfg = Release|Any CPU
		{AD8D3C59-980D-441C-A5B1-DA76CB9FCD9D}.Release|Any CPU.Build.0 = Release|Any CPU
		{090F85E6-55E0-4603-B01D-6AC468E97B3B}.Debug|Any CPU.ActiveCfg = Debug|Any CPU
		{090F85E6-55E0-4603-B01D-6AC468E97B3B}.Debug|Any CPU.Build.0 = Debug|Any CPU
		{090F85E6-55E0-4603-B01D-6AC468E97B3B}.Release|Any CPU.ActiveCfg = Release|Any CPU
		{090F85E6-55E0-4603-B01D-6AC468E97B3B}.Release|Any CPU.Build.0 = Release|Any CPU
		{CB68A04E-8357-4D47-96E9-478B5947B0B7}.Debug|Any CPU.ActiveCfg = Debug|Any CPU
		{CB68A04E-8357-4D47-96E9-478B5947B0B7}.Debug|Any CPU.Build.0 = Debug|Any CPU
		{CB68A04E-8357-4D47-96E9-478B5947B0B7}.Release|Any CPU.ActiveCfg = Release|Any CPU
		{CB68A04E-8357-4D47-96E9-478B5947B0B7}.Release|Any CPU.Build.0 = Release|Any CPU
		{0B76B9F2-E6DF-4918-A8F5-BC7239066125}.Debug|Any CPU.ActiveCfg = Debug|Any CPU
		{0B76B9F2-E6DF-4918-A8F5-BC7239066125}.Debug|Any CPU.Build.0 = Debug|Any CPU
		{0B76B9F2-E6DF-4918-A8F5-BC7239066125}.Release|Any CPU.ActiveCfg = Release|Any CPU
		{0B76B9F2-E6DF-4918-A8F5-BC7239066125}.Release|Any CPU.Build.0 = Release|Any CPU
		{BF53008A-3351-4966-B434-CEBB6E4A1295}.Debug|Any CPU.ActiveCfg = Debug|Any CPU
		{BF53008A-3351-4966-B434-CEBB6E4A1295}.Debug|Any CPU.Build.0 = Debug|Any CPU
		{BF53008A-3351-4966-B434-CEBB6E4A1295}.Release|Any CPU.ActiveCfg = Release|Any CPU
		{BF53008A-3351-4966-B434-CEBB6E4A1295}.Release|Any CPU.Build.0 = Release|Any CPU
		{CE8D3A18-D9AA-4FEA-B04C-A9A2BA98D024}.Debug|Any CPU.ActiveCfg = Debug|Any CPU
		{CE8D3A18-D9AA-4FEA-B04C-A9A2BA98D024}.Debug|Any CPU.Build.0 = Debug|Any CPU
		{CE8D3A18-D9AA-4FEA-B04C-A9A2BA98D024}.Release|Any CPU.ActiveCfg = Release|Any CPU
		{CE8D3A18-D9AA-4FEA-B04C-A9A2BA98D024}.Release|Any CPU.Build.0 = Release|Any CPU
		{9FE35423-76F2-4C32-8B94-6C6F45C93688}.Debug|Any CPU.ActiveCfg = Debug|Any CPU
		{9FE35423-76F2-4C32-8B94-6C6F45C93688}.Debug|Any CPU.Build.0 = Debug|Any CPU
		{9FE35423-76F2-4C32-8B94-6C6F45C93688}.Release|Any CPU.ActiveCfg = Release|Any CPU
		{9FE35423-76F2-4C32-8B94-6C6F45C93688}.Release|Any CPU.Build.0 = Release|Any CPU
		{D8493C59-063A-4581-84C7-4CC27D7C012C}.Debug|Any CPU.ActiveCfg = Debug|Any CPU
		{D8493C59-063A-4581-84C7-4CC27D7C012C}.Debug|Any CPU.Build.0 = Debug|Any CPU
		{D8493C59-063A-4581-84C7-4CC27D7C012C}.Release|Any CPU.ActiveCfg = Release|Any CPU
		{D8493C59-063A-4581-84C7-4CC27D7C012C}.Release|Any CPU.Build.0 = Release|Any CPU
		{A0F5C051-EA56-4BAB-88D9-461E0772BB6A}.Debug|Any CPU.ActiveCfg = Debug|Any CPU
		{A0F5C051-EA56-4BAB-88D9-461E0772BB6A}.Debug|Any CPU.Build.0 = Debug|Any CPU
		{A0F5C051-EA56-4BAB-88D9-461E0772BB6A}.Release|Any CPU.ActiveCfg = Release|Any CPU
		{A0F5C051-EA56-4BAB-88D9-461E0772BB6A}.Release|Any CPU.Build.0 = Release|Any CPU
		{C5A08294-06B2-4B4D-91BE-231C080B3778}.Debug|Any CPU.ActiveCfg = Debug|Any CPU
		{C5A08294-06B2-4B4D-91BE-231C080B3778}.Debug|Any CPU.Build.0 = Debug|Any CPU
		{C5A08294-06B2-4B4D-91BE-231C080B3778}.Release|Any CPU.ActiveCfg = Release|Any CPU
		{C5A08294-06B2-4B4D-91BE-231C080B3778}.Release|Any CPU.Build.0 = Release|Any CPU
		{9532AA80-BE0D-4EAB-8BEE-A42562CB425B}.Debug|Any CPU.ActiveCfg = Debug|Any CPU
		{9532AA80-BE0D-4EAB-8BEE-A42562CB425B}.Debug|Any CPU.Build.0 = Debug|Any CPU
		{9532AA80-BE0D-4EAB-8BEE-A42562CB425B}.Release|Any CPU.ActiveCfg = Release|Any CPU
		{9532AA80-BE0D-4EAB-8BEE-A42562CB425B}.Release|Any CPU.Build.0 = Release|Any CPU
		{BA9E29B8-DE90-4EB8-95C8-EE69C973AE0C}.Debug|Any CPU.ActiveCfg = Debug|Any CPU
		{BA9E29B8-DE90-4EB8-95C8-EE69C973AE0C}.Debug|Any CPU.Build.0 = Debug|Any CPU
		{BA9E29B8-DE90-4EB8-95C8-EE69C973AE0C}.Release|Any CPU.ActiveCfg = Release|Any CPU
		{BA9E29B8-DE90-4EB8-95C8-EE69C973AE0C}.Release|Any CPU.Build.0 = Release|Any CPU
	EndGlobalSection
	GlobalSection(SolutionProperties) = preSolution
		HideSolutionNode = FALSE
	EndGlobalSection
	GlobalSection(NestedProjects) = preSolution
		{11D25A00-36DC-47FF-AA82-3D9254AF65E2} = {7B2F29B3-1240-48F9-BF57-0047C1499644}
		{65B4DF3C-1BB4-4EDB-929B-597C0E612CBE} = {7B2F29B3-1240-48F9-BF57-0047C1499644}
		{AD8D3C59-980D-441C-A5B1-DA76CB9FCD9D} = {7B2F29B3-1240-48F9-BF57-0047C1499644}
		{090F85E6-55E0-4603-B01D-6AC468E97B3B} = {7B2F29B3-1240-48F9-BF57-0047C1499644}
		{CB68A04E-8357-4D47-96E9-478B5947B0B7} = {7B2F29B3-1240-48F9-BF57-0047C1499644}
		{0B76B9F2-E6DF-4918-A8F5-BC7239066125} = {7B2F29B3-1240-48F9-BF57-0047C1499644}
		{BF53008A-3351-4966-B434-CEBB6E4A1295} = {7B2F29B3-1240-48F9-BF57-0047C1499644}
		{CE8D3A18-D9AA-4FEA-B04C-A9A2BA98D024} = {7B2F29B3-1240-48F9-BF57-0047C1499644}
		{9FE35423-76F2-4C32-8B94-6C6F45C93688} = {7B2F29B3-1240-48F9-BF57-0047C1499644}
		{D8493C59-063A-4581-84C7-4CC27D7C012C} = {7B2F29B3-1240-48F9-BF57-0047C1499644}
		{A0F5C051-EA56-4BAB-88D9-461E0772BB6A} = {7B2F29B3-1240-48F9-BF57-0047C1499644}
		{C5A08294-06B2-4B4D-91BE-231C080B3778} = {7B2F29B3-1240-48F9-BF57-0047C1499644}
		{9532AA80-BE0D-4EAB-8BEE-A42562CB425B} = {7B2F29B3-1240-48F9-BF57-0047C1499644}
		{BA9E29B8-DE90-4EB8-95C8-EE69C973AE0C} = {7B2F29B3-1240-48F9-BF57-0047C1499644}
	EndGlobalSection
	GlobalSection(ExtensibilityGlobals) = postSolution
		SolutionGuid = {F975C095-8BEA-40A5-A325-09E52C534F36}
	EndGlobalSection
EndGlobal
